
Microsoft Visual Studio Solution File, Format Version 11.00
# Visual Studio 2010
Project("{FAE04EC0-301F-11D3-BF4B-00C04F79EFBC}") = "Assembly-CSharp", "Assembly-CSharp.csproj", "{60c95b70-0483-d905-d16b-3e290ed86913}"
EndProject
Project("{FAE04EC0-301F-11D3-BF4B-00C04F79EFBC}") = "GoogleMobileAds", "GoogleMobileAds.csproj", "{8d90cc27-8e11-77c2-fa88-dc7569a34acb}"
EndProject
Project("{FAE04EC0-301F-11D3-BF4B-00C04F79EFBC}") = "Assembly-CSharp-Editor", "Assembly-CSharp-Editor.csproj", "{5486f0fe-5138-dc90-44bc-8b7b3770789e}"
EndProject
Project("{FAE04EC0-301F-11D3-BF4B-00C04F79EFBC}") = "GoogleMobileAds.Editor", "GoogleMobileAds.Editor.csproj", "{5c3c9e60-f57f-3d38-ccea-1b88417673a2}"
EndProject
Global
	GlobalSection(SolutionConfigurationPlatforms) = preSolution
		Debug|Any CPU = Debug|Any CPU
	EndGlobalSection
	GlobalSection(ProjectConfigurationPlatforms) = postSolution
		{60c95b70-0483-d905-d16b-3e290ed86913}.Debug|Any CPU.ActiveCfg = Debug|Any CPU
		{60c95b70-0483-d905-d16b-3e290ed86913}.Debug|Any CPU.Build.0 = Debug|Any CPU
		{8d90cc27-8e11-77c2-fa88-dc7569a34acb}.Debug|Any CPU.ActiveCfg = Debug|Any CPU
		{8d90cc27-8e11-77c2-fa88-dc7569a34acb}.Debug|Any CPU.Build.0 = Debug|Any CPU
		{5486f0fe-5138-dc90-44bc-8b7b3770789e}.Debug|Any CPU.ActiveCfg = Debug|Any CPU
		{5486f0fe-5138-dc90-44bc-8b7b3770789e}.Debug|Any CPU.Build.0 = Debug|Any CPU
		{5c3c9e60-f57f-3d38-ccea-1b88417673a2}.Debug|Any CPU.ActiveCfg = Debug|Any CPU
		{5c3c9e60-f57f-3d38-ccea-1b88417673a2}.Debug|Any CPU.Build.0 = Debug|Any CPU
	EndGlobalSection
	GlobalSection(SolutionProperties) = preSolution
		HideSolutionNode = FALSE
	EndGlobalSection
EndGlobal
